{
  "name": "introspection-util",
  "version": "0.1.0",
  "lockfileVersion": 3,
  "requires": true,
  "packages": {
    "": {
      "name": "introspection-util",
      "version": "0.1.0",
      "dependencies": {
        "graphql": "16.13.2"
      }
    },
    "node_modules/graphql": {
      "version": "16.13.2",
      "resolved": "https://registry.npmjs.org/graphql/-/graphql-16.13.2.tgz",
      "integrity": "sha512-5bJ+nf/UCpAjHM8i06fl7eLyVC9iuNAjm9qzkiu2ZGhM0VscSvS6WDPfAwkdkBuoXGM9FJSbKl6wylMwP9Ktig==",
      "license": "MIT",
      "engines": {
        "node": "^12.22.0 || ^14.16.0 || ^16.0.0 || >=17.0.0"
      }
    }
  }
}
